// !$*UTF8*$!
{
	archiveVersion = 1;
	classes = {
	};
	objectVersion = 50;
	objects = {

/* Begin PBXBuildFile section */
		CE53C7AA23C317E800C5ACC2 /* CellAddController.swift in Sources */ = {isa = PBXBuildFile; fileRef = CE53C7A923C317E800C5ACC2 /* CellAddController.swift */; };
		CE53C7AC23C4234200C5ACC2 /* CellTappedController.swift in Sources */ = {isa = PBXBuildFile; fileRef = CE53C7AB23C4234200C5ACC2 /* CellTappedController.swift */; };
		CEF80FB123B787EB00439272 /* AppDelegate.swift in Sources */ = {isa = PBXBuildFile; fileRef = CEF80FB023B787EB00439272 /* AppDelegate.swift */; };
		CEF80FB323B787EB00439272 /* SceneDelegate.swift in Sources */ = {isa = PBXBuildFile; fileRef = CEF80FB223B787EB00439272 /* SceneDelegate.swift */; };
		CEF80FB523B787EB00439272 /* ViewController.swift in Sources */ = {isa = PBXBuildFile; fileRef = CEF80FB423B787EB00439272 /* ViewController.swift */; };
		CEF80FB823B787EB00439272 /* Main.storyboard in Resources */ = {isa = PBXBuildFile; fileRef = CEF80FB623B787EB00439272 /* Main.storyboard */; };
		CEF80FBA23B787EE00439272 /* Assets.xcassets in Resources */ = {isa = PBXBuildFile; fileRef = CEF80FB923B787EE00439272 /* Assets.xcassets */; };
		CEF80FBD23B787EE00439272 /* LaunchScreen.storyboard in Resources */ = {isa = PBXBuildFile; fileRef = CEF80FBB23B787EE00439272 /* LaunchScreen.storyboard */; };
		CEF80FC923B84F7A00439272 /* SectionAddController.swift in Sources */ = {isa = PBXBuildFile; fileRef = CEF80FC823B84F7A00439272 /* SectionAddController.swift */; };
/* End PBXBuildFile section */

/* Begin PBXFileReference section */
		CE53C7A923C317E800C5ACC2 /* CellAddController.swift */ = {isa = PBXFileReference; lastKnownFileType = sourcecode.swift; path = CellAddController.swift; sourceTree = "<group>"; };
		CE53C7AB23C4234200C5ACC2 /* CellTappedController.swift */ = {isa = PBXFileReference; lastKnownFileType = sourcecode.swift; path = CellTappedController.swift; sourceTree = "<group>"; };
		CEF80FAD23B787EB00439272 /* TableView.app */ = {isa = PBXFileReference; explicitFileType = wrapper.application; includeInIndex = 0; path = TableView.app; sourceTree = BUILT_PRODUCTS_DIR; };
		CEF80FB023B787EB00439272 /* AppDelegate.swift */ = {isa = PBXFileReference; lastKnownFileType = sourcecode.swift; path = AppDelegate.swift; sourceTree = "<group>"; };
		CEF80FB223B787EB00439272 /* SceneDelegate.swift */ = {isa = PBXFileReference; lastKnownFileType = sourcecode.swift; path = SceneDelegate.swift; sourceTree = "<group>"; };
		CEF80FB423B787EB00439272 /* ViewController.swift */ = {isa = PBXFileReference; lastKnownFileType = sourcecode.swift; path = ViewController.swift; sourceTree = "<group>"; };
		CEF80FB723B787EB00439272 /* Base */ = {isa = PBXFileReference; lastKnownFileType = file.storyboard; name = Base; path = Base.lproj/Main.storyboard; sourceTree = "<group>"; };
		CEF80FB923B787EE00439272 /* Assets.xcassets */ = {isa = PBXFileReference; lastKnownFileType = folder.assetcatalog; path = Assets.xcassets; sourceTree = "<group>"; };
		CEF80FBC23B787EE00439272 /* Base */ = {isa = PBXFileReference; lastKnownFileType = file.storyboard; name = Base; path = Base.lproj/LaunchScreen.storyboard; sourceTree = "<group>"; };
		CEF80FBE23B787EE00439272 /* Info.plist */ = {isa = PBXFileReference; lastKnownFileType = text.plist.xml; path = Info.plist; sourceTree = "<group>"; };
		CEF80FC823B84F7A00439272 /* SectionAddController.swift */ = {isa = PBXFileReference; lastKnownFileType = sourcecode.swift; path = SectionAddController.swift; sourceTree = "<group>"; };
/* End PBXFileReference section */

/* Begin PBXFrameworksBuildPhase section */
		CEF80FAA23B787EB00439272 /* Frameworks */ = {
			isa = PBXFrameworksBuildPhase;
			buildActionMask = 2147483647;
			files = (
			);
			runOnlyForDeploymentPostprocessing = 0;
		};
/* End PBXFrameworksBuildPhase section */

/* Begin PBXGroup section */
		CEF80FA423B787EB00439272 = {
			isa = PBXGroup;
			children = (
				CEF80FAF23B787EB00439272 /* TableView */,
				CEF80FAE23B787EB00439272 /* Products */,
			);
			sourceTree = "<group>";
		};
		CEF80FAE23B787EB00439272 /* Products */ = {
			isa = PBXGroup;
			children = (
				CEF80FAD23B787EB00439272 /* TableView.app */,
			);
			name = Products;
			sourceTree = "<group>";
		};
		CEF80FAF23B787EB00439272 /* TableView */ = {
			isa = PBXGroup;
			children = (
				CEF80FB023B787EB00439272 /* AppDelegate.swift */,
				CEF80FB223B787EB00439272 /* SceneDelegate.swift */,
				CEF80FB423B787EB00439272 /* ViewController.swift */,
				CEF80FC823B84F7A00439272 /* SectionAddController.swift */,
				CE53C7A923C317E800C5ACC2 /* CellAddController.swift */,
				CE53C7AB23C4234200C5ACC2 /* CellTappedController.swift */,
				CEF80FB623B787EB00439272 /* Main.storyboard */,
				CEF80FB923B787EE00439272 /* Assets.xcassets */,
				CEF80FBB23B787EE00439272 /* LaunchScreen.storyboard */,
				CEF80FBE23B787EE00439272 /* Info.plist */,
			);
			path = TableView;
			sourceTree = "<group>";
		};
/* End PBXGroup section */

/* Begin PBXNativeTarget section */
		CEF80FAC23B787EB00439272 /* TableView */ = {
			isa = PBXNativeTarget;
			buildConfigurationList = CEF80FC123B787EE00439272 /* Build configuration list for PBXNativeTarget "TableView" */;
			buildPhases = (
				CEF80FA923B787EB00439272 /* Sources */,
				CEF80FAA23B787EB00439272 /* Frameworks */,
				CEF80FAB23B787EB00439272 /* Resources */,
			);
			buildRules = (
			);
			dependencies = (
			);
			name = TableView;
			productName = TableView;
			productReference = CEF80FAD23B787EB00439272 /* TableView.app */;
			productType = "com.apple.product-type.application";
		};
/* End PBXNativeTarget section */

/* Begin PBXProject section */
		CEF80FA523B787EB00439272 /* Project object */ = {
			isa = PBXProject;
			attributes = {
				LastSwiftUpdateCheck = 1130;
				LastUpgradeCheck = 1130;
				ORGANIZATIONNAME = Akidon;
				TargetAttributes = {
					CEF80FAC23B787EB00439272 = {
						CreatedOnToolsVersion = 11.3;
					};
				};
			};
			buildConfigurationList = CEF80FA823B787EB00439272 /* Build configuration list for PBXProject "TableView" */;
			compatibilityVersion = "Xcode 9.3";
			developmentRegion = en;
			hasScannedForEncodings = 0;
			knownRegions = (
				en,
				Base,
			);
			mainGroup = CEF80FA423B787EB00439272;
			productRefGroup = CEF80FAE23B787EB00439272 /* Products */;
			projectDirPath = "";
			projectRoot = "";
			targets = (
				CEF80FAC23B787EB00439272 /* TableView */,
			);
		};
/* End PBXProject section */

/* Begin PBXResourcesBuildPhase section */
		CEF80FAB23B787EB00439272 /* Resources */ = {
			isa = PBXResourcesBuildPhase;
			buildActionMask = 2147483647;
			files = (
				CEF80FBD23B787EE00439272 /* LaunchScreen.storyboard in Resources */,
				CEF80FBA23B787EE00439272 /* Assets.xcassets in Resources */,
				CEF80FB823B787EB00439272 /* Main.storyboard in Resources */,
			);
			runOnlyForDeploymentPostprocessing = 0;
		};
/* End PBXResourcesBuildPhase section */

/* Begin PBXSourcesBuildPhase section */
		CEF80FA923B787EB00439272 /* Sources */ = {
			isa = PBXSourcesBuildPhase;
			buildActionMask = 2147483647;
			files = (
				CEF80FB523B787EB00439272 /* ViewController.swift in Sources */,
				CE53C7AC23C4234200C5ACC2 /* CellTappedController.swift in Sources */,
				CEF80FB123B787EB00439272 /* AppDelegate.swift in Sources */,
				CE53C7AA23C317E800C5ACC2 /* CellAddController.swift in Sources */,
				CEF80FB323B787EB00439272 /* SceneDelegate.swift in Sources */,
				CEF80FC923B84F7A00439272 /* SectionAddController.swift in Sources */,
			);
			runOnlyForDeploymentPostprocessing = 0;
		};
/* End PBXSourcesBuildPhase section */

/* Begin PBXVariantGroup section */
		CEF80FB623B787EB00439272 /* Main.storyboard */ = {
			isa = PBXVariantGroup;
			children = (
				CEF80FB723B787EB00439272 /* Base */,
			);
			name = Main.storyboard;
			sourceTree = "<group>";
		};
		CEF80FBB23B787EE00439272 /* LaunchScreen.storyboard */ = {
			isa = PBXVariantGroup;
			children = (
				CEF80FBC23B787EE00439272 /* Base */,
			);
			name = LaunchScreen.storyboard;
			sourceTree = "<group>";
		};
/* End PBXVariantGroup section */

/* Begin XCBuildConfiguration section */
		CEF80FBF23B787EE00439272 /* Debug */ = {
			isa = XCBuildConfiguration;
			buildSettings = {
				ALWAYS_SEARCH_USER_PATHS = NO;
				CLANG_ANALYZER_NONNULL = YES;
				CLANG_ANALYZER_NUMBER_OBJECT_CONVERSION = YES_AGGRESSIVE;
				CLANG_CXX_LANGUAGE_STANDARD = "gnu++14";
				CLANG_CXX_LIBRARY = "libc++";
				CLANG_ENABLE_MODULES = YES;
				CLANG_ENABLE_OBJC_ARC = YES;
				CLANG_ENABLE_OBJC_WEAK = YES;
				CLANG_WARN_BLOCK_CAPTURE_AUTORELEASING = YES;
				CLANG_WARN_BOOL_CONVERSION = YES;
				CLANG_WARN_COMMA = YES;
				CLANG_WARN_CONSTANT_CONVERSION = YES;
				CLANG_WARN_DEPRECATED_OBJC_IMPLEMENTATIONS = YES;
				CLANG_WARN_DIRECT_OBJC_ISA_USAGE = YES_ERROR;
				CLANG_WARN_DOCUMENTATION_COMMENTS = YES;
				CLANG_WARN_EMPTY_BODY = YES;
				CLANG_WARN_ENUM_CONVERSION = YES;
				CLANG_WARN_INFINITE_RECURSION = YES;
				CLANG_WARN_INT_CONVERSION = YES;
				CLANG_WARN_NON_LITERAL_NULL_CONVERSION = YES;
				CLANG_WARN_OBJC_IMPLICIT_RETAIN_SELF = YES;
				CLANG_WARN_OBJC_LITERAL_CONVERSION = YES;
				CLANG_WARN_OBJC_ROOT_CLASS = YES_ERROR;
				CLANG_WARN_RANGE_LOOP_ANALYSIS = YES;
				CLANG_WARN_STRICT_PROTOTYPES = YES;
				CLANG_WARN_SUSPICIOUS_MOVE = YES;
				CLANG_WARN_UNGUARDED_AVAILABILITY = YES_AGGRESSIVE;
				CLANG_WARN_UNREACHABLE_CODE = YES;
				CLANG_WARN__DUPLICATE_METHOD_MATCH = YES;
				COPY_PHASE_STRIP = NO;
				DEBUG_INFORMATION_FORMAT = dwarf;
				ENABLE_STRICT_OBJC_MSGSEND = YES;
				ENABLE_TESTABILITY = YES;
				GCC_C_LANGUAGE_STANDARD = gnu11;
				GCC_DYNAMIC_NO_PIC = NO;
				GCC_NO_COMMON_BLOCKS = YES;
				GCC_OPTIMIZATION_LEVEL = 0;
				GCC_PREPROCESSOR_DEFINITIONS = (
					"DEBUG=1",
					"$(inherited)",
				);
				GCC_WARN_64_TO_32_BIT_CONVERSION = YES;
				GCC_WARN_ABOUT_RETURN_TYPE = YES_ERROR;
				GCC_WARN_UNDECLARED_SELECTOR = YES;
				GCC_WARN_UNINITIALIZED_AUTOS = YES_AGGRESSIVE;
				GCC_WARN_UNUSED_FUNCTION = YES;
				GCC_WARN_UNUSED_VARIABLE = YES;
				IPHONEOS_DEPLOYMENT_TARGET = 13.2;
				MTL_ENABLE_DEBUG_INFO = INCLUDE_SOURCE;
				MTL_FAST_MATH = YES;
				ONLY_ACTIVE_ARCH = YES;
				SDKROOT = iphoneos;
				SWIFT_ACTIVE_COMPILATION_CONDITIONS = DEBUG;
				SWIFT_OPTIMIZATION_LEVEL = "-Onone";
			};
			name = Debug;
		};
		CEF80FC023B787EE00439272 /* Release */ = {
			isa = XCBuildConfiguration;
			buildSettings = {
				ALWAYS_SEARCH_USER_PATHS = NO;
				CLANG_ANALYZER_NONNULL = YES;
				CLANG_ANALYZER_NUMBER_OBJECT_CONVERSION = YES_AGGRESSIVE;
				CLANG_CXX_LANGUAGE_STANDARD = "gnu++14";
				CLANG_CXX_LIBRARY = "libc++";
				CLANG_ENABLE_MODULES = YES;
				CLANG_ENABLE_OBJC_ARC = YES;
				CLANG_ENABLE_OBJC_WEAK = YES;
				CLANG_WARN_BLOCK_CAPTURE_AUTORELEASING = YES;
				CLANG_WARN_BOOL_CONVERSION = YES;
				CLANG_WARN_COMMA = YES;
				CLANG_WARN_CONSTANT_CONVERSION = YES;
				CLANG_WARN_DEPRECATED_OBJC_IMPLEMENTATIONS = YES;
				CLANG_WARN_DIRECT_OBJC_ISA_USAGE = YES_ERROR;
				CLANG_WARN_DOCUMENTATION_COMMENTS = YES;
				CLANG_WARN_EMPTY_BODY = YES;
				CLANG_WARN_ENUM_CONVERSION = YES;
				CLANG_WARN_INFINITE_RECURSION = YES;
				CLANG_WARN_INT_CONVERSION = YES;
				CLANG_WARN_NON_LITERAL_NULL_CONVERSION = YES;
				CLANG_WARN_OBJC_IMPLICIT_RETAIN_SELF = YES;
				CLANG_WARN_OBJC_LITERAL_CONVERSION = YES;
				CLANG_WARN_OBJC_ROOT_CLASS = YES_ERROR;
				CLANG_WARN_RANGE_LOOP_ANALYSIS = YES;
				CLANG_WARN_STRICT_PROTOTYPES = YES;
				CLANG_WARN_SUSPICIOUS_MOVE = YES;
				CLANG_WARN_UNGUARDED_AVAILABILITY = YES_AGGRESSIVE;
				CLANG_WARN_UNREACHABLE_CODE = YES;
				CLANG_WARN__DUPLICATE_METHOD_MATCH = YES;
				COPY_PHASE_STRIP = NO;
				DEBUG_INFORMATION_FORMAT = "dwarf-with-dsym";
				ENABLE_NS_ASSERTIONS = NO;
				ENABLE_STRICT_OBJC_MSGSEND = YES;
				GCC_C_LANGUAGE_STANDARD = gnu11;
				GCC_NO_COMMON_BLOCKS = YES;
				GCC_WARN_64_TO_32_BIT_CONVERSION = YES;
				GCC_WARN_ABOUT_RETURN_TYPE = YES_ERROR;
				GCC_WARN_UNDECLARED_SELECTOR = YES;
				GCC_WARN_UNINITIALIZED_AUTOS = YES_AGGRESSIVE;
				GCC_WARN_UNUSED_FUNCTION = YES;
				GCC_WARN_UNUSED_VARIABLE = YES;
				IPHONEOS_DEPLOYMENT_TARGET = 13.2;
				MTL_ENABLE_DEBUG_INFO = NO;
				MTL_FAST_MATH = YES;
				SDKROOT = iphoneos;
				SWIFT_COMPILATION_MODE = wholemodule;
				SWIFT_OPTIMIZATION_LEVEL = "-O";
				VALIDATE_PRODUCT = YES;
			};
			name = Release;
		};
		CEF80FC223B787EE00439272 /* Debug */ = {
			isa = XCBuildConfiguration;
			buildSettings = {
				ASSETCATALOG_COMPILER_APPICON_NAME = AppIcon;
				CODE_SIGN_STYLE = Automatic;
				DEVELOPMENT_TEAM = XSC9AJPSP3;
				INFOPLIST_FILE = TableView/Info.plist;
				LD_RUNPATH_SEARCH_PATHS = (
					"$(inherited)",
					"@executable_path/Frameworks",
				);
				PRODUCT_BUNDLE_IDENTIFIER = com.azukid.TableView;
				PRODUCT_NAME = "$(TARGET_NAME)";
				SWIFT_VERSION = 5.0;
				TARGETED_DEVICE_FAMILY = "1,2";
			};
			name = Debug;
		};
		CEF80FC323B787EE00439272 /* Release */ = {
			isa = XCBuildConfiguration;
			buildSettings = {
				ASSETCATALOG_COMPILER_APPICON_NAME = AppIcon;
				CODE_SIGN_STYLE = Automatic;
				DEVELOPMENT_TEAM = XSC9AJPSP3;
				INFOPLIST_FILE = TableView/Info.plist;
				LD_RUNPATH_SEARCH_PATHS = (
					"$(inherited)",
					"@executable_path/Frameworks",
				);
				PRODUCT_BUNDLE_IDENTIFIER = com.azukid.TableView;
				PRODUCT_NAME = "$(TARGET_NAME)";
				SWIFT_VERSION = 5.0;
				TARGETED_DEVICE_FAMILY = "1,2";
			};
			name = Release;
		};
/* End XCBuildConfiguration section */

/* Begin XCConfigurationList section */
		CEF80FA823B787EB00439272 /* Build configuration list for PBXProject "TableView" */ = {
			isa = XCConfigurationList;
			buildConfigurations = (
				CEF80FBF23B787EE00439272 /* Debug */,
				CEF80FC023B787EE00439272 /* Release */,
			);
			defaultConfigurationIsVisible = 0;
			defaultConfigurationName = Release;
		};
		CEF80FC123B787EE00439272 /* Build configuration list for PBXNativeTarget "TableView" */ = {
			isa = XCConfigurationList;
			buildConfigurations = (
				CEF80FC223B787EE00439272 /* Debug */,
				CEF80FC323B787EE00439272 /* Release */,
			);
			defaultConfigurationIsVisible = 0;
			defaultConfigurationName = Release;
		};
/* End XCConfigurationList section */
	};
	rootObject = CEF80FA523B787EB00439272 /* Project object */;
}
